
Microsoft Visual Studio Solution File, Format Version 12.00
# Visual Studio 15
VisualStudioVersion = 15.0.26430.15
MinimumVisualStudioVersion = 10.0.40219.1
Project("{FAE04EC0-301F-11D3-BF4B-00C04F79EFBC}") = "Footballin", "Footballin\Footballin.csproj", "{D263EBEE-BFC6-4D09-8AC2-5344AB4E0F88}"
EndProject
Project("{FAE04EC0-301F-11D3-BF4B-00C04F79EFBC}") = "DataSync", "DataSync\DataSync.csproj", "{13DD1E4D-2475-4384-AB11-2D91C3BCBA26}"
EndProject
Project("{FAE04EC0-301F-11D3-BF4B-00C04F79EFBC}") = "ffstats_test", "ffstats_test\ffstats_test.csproj", "{DC52FA68-BE73-4821-A580-7DC8A843496B}"
EndProject
Global
	GlobalSection(SolutionConfigurationPlatforms) = preSolution
		Debug|Any CPU = Debug|Any CPU
		Release|Any CPU = Release|Any CPU
	EndGlobalSection
	GlobalSection(ProjectConfigurationPlatforms) = postSolution
		{D263EBEE-BFC6-4D09-8AC2-5344AB4E0F88}.Debug|Any CPU.ActiveCfg = Debug|Any CPU
		{D263EBEE-BFC6-4D09-8AC2-5344AB4E0F88}.Debug|Any CPU.Build.0 = Debug|Any CPU
		{D263EBEE-BFC6-4D09-8AC2-5344AB4E0F88}.Release|Any CPU.ActiveCfg = Release|Any CPU
		{D263EBEE-BFC6-4D09-8AC2-5344AB4E0F88}.Release|Any CPU.Build.0 = Release|Any CPU
		{13DD1E4D-2475-4384-AB11-2D91C3BCBA26}.Debug|Any CPU.ActiveCfg = Debug|Any CPU
		{13DD1E4D-2475-4384-AB11-2D91C3BCBA26}.Debug|Any CPU.Build.0 = Debug|Any CPU
		{13DD1E4D-2475-4384-AB11-2D91C3BCBA26}.Release|Any CPU.ActiveCfg = Release|Any CPU
		{13DD1E4D-2475-4384-AB11-2D91C3BCBA26}.Release|Any CPU.Build.0 = Release|Any CPU
		{DC52FA68-BE73-4821-A580-7DC8A843496B}.Debug|Any CPU.ActiveCfg = Debug|Any CPU
		{DC52FA68-BE73-4821-A580-7DC8A843496B}.Debug|Any CPU.Build.0 = Debug|Any CPU
		{DC52FA68-BE73-4821-A580-7DC8A843496B}.Release|Any CPU.ActiveCfg = Release|Any CPU
		{DC52FA68-BE73-4821-A580-7DC8A843496B}.Release|Any CPU.Build.0 = Release|Any CPU
	EndGlobalSection
	GlobalSection(SolutionProperties) = preSolution
		HideSolutionNode = FALSE
	EndGlobalSection
EndGlobal
